
Microsoft Visual Studio Solution File, Format Version 12.00
# Visual Studio Version 17
VisualStudioVersion = 17.1.32228.430
MinimumVisualStudioVersion = 10.0.40219.1
Project("{FAE04EC0-301F-11D3-BF4B-00C04F79EFBC}") = "KumasStokTakip", "KumasStokTakip\KumasStokTakip.csproj", "{CE9885DF-CD24-43FD-9130-A5F1818FF55F}"
EndProject
Global
	GlobalSection(SolutionConfigurationPlatforms) = preSolution
		Debug|Any CPU = Debug|Any CPU
		Release|Any CPU = Release|Any CPU
	EndGlobalSection
	GlobalSection(ProjectConfigurationPlatforms) = postSolution
		{CE9885DF-CD24-43FD-9130-A5F1818FF55F}.Debug|Any CPU.ActiveCfg = Debug|Any CPU
		{CE9885DF-CD24-43FD-9130-A5F1818FF55F}.Debug|Any CPU.Build.0 = Debug|Any CPU
		{CE9885DF-CD24-43FD-9130-A5F1818FF55F}.Release|Any CPU.ActiveCfg = Release|Any CPU
		{CE9885DF-CD24-43FD-9130-A5F1818FF55F}.Release|Any CPU.Build.0 = Release|Any CPU
	EndGlobalSection
	GlobalSection(SolutionProperties) = preSolution
		HideSolutionNode = FALSE
	EndGlobalSection
	GlobalSection(ExtensibilityGlobals) = postSolution
		SolutionGuid = {54A0D8D9-AB62-4BC4-8418-4D3F0EA31EAF}
	EndGlobalSection
EndGlobal
